{
    "_readme": [
        "This file locks the dependencies of your project to a known state",
        "Read more about it at https://getcomposer.org/doc/01-basic-usage.md#installing-dependencies",
        "This file is @generated automatically"
    ],
    "content-hash": "b445b1a93cc7f72e570b63fda559d5fc",
    "packages": [
        {
            "name": "brainstormforce/astra-notices",
            "version": "1.1.16",
            "source": {
                "type": "git",
                "url": "https://github.com/brainstormforce/astra-notices.git",
                "reference": "94c997be3350dae255899e99e5d35d5793e8b5d6"
            },
            "dist": {
                "type": "zip",
                "url": "https://api.github.com/repos/brainstormforce/astra-notices/zipball/94c997be3350dae255899e99e5d35d5793e8b5d6",
                "reference": "94c997be3350dae255899e99e5d35d5793e8b5d6",
                "shasum": ""
            },
            "require": {
                "composer/installers": "^2.0"
            },
            "require-dev": {
                "dealerdirect/phpcodesniffer-composer-installer": "^0.7.2",
                "phpcompatibility/phpcompatibility-wp": "2.1.4",
                "phpunit/phpunit": "^9.0",
                "roots/wordpress": "^6.0",
                "wp-cli/dist-archive-command": "^2.0",
                "wp-coding-standards/wpcs": "^3.0",
                "wp-phpunit/wp-phpunit": "^6.0",
                "yoast/phpunit-polyfills": "^1.0"
            },
            "type": "wordpress-plugin",
            "notification-url": "https://packagist.org/downloads/",
            "license": [
                "GPL-3.0-or-later"
            ],
            "authors": [
                {
                    "name": "Brainstorm Force",
                    "email": "hello@bsf.io"
                }
            ],
            "description": "Easily create admin notices",
            "support": {
                "issues": "https://github.com/brainstormforce/astra-notices/issues",
                "source": "https://github.com/brainstormforce/astra-notices/tree/1.1.16"
            },
            "time": "2026-03-24T07:00:24+00:00"
        },
        {
            "name": "brainstormforce/bsf-analytics",
            "version": "1.1.20",
            "source": {
                "type": "git",
                "url": "git@github.com:brainstormforce/bsf-analytics.git",
                "reference": "02bedc539178701f7c7c51e5a91806dee16c92ef"
            },
            "dist": {
                "type": "zip",
                "url": "https://api.github.com/repos/brainstormforce/bsf-analytics/zipball/02bedc539178701f7c7c51e5a91806dee16c92ef",
                "reference": "02bedc539178701f7c7c51e5a91806dee16c92ef",
                "shasum": ""
            },
            "require-dev": {
                "10up/wp_mock": "^1.0",
                "brainmaestro/composer-git-hooks": "^2.6",
                "dealerdirect/phpcodesniffer-composer-installer": "^1.0",
                "phpcompatibility/phpcompatibility-wp": "2.1.0",
                "phpunit/phpunit": "^9.6",
                "wp-coding-standards/wpcs": "2.2.1"
            },
            "type": "wordpress-plugin",
            "extra": {
                "hooks": {
                    "pre-commit": [
                        "echo committing as $(git config user.name)",
                        "sh bin/block-commits-with-merge-conflict.sh"
                    ]
                }
            },
            "scripts": {
                "format": [
                    "phpcbf --standard=phpcs.xml.dist --report-summary --report-source"
                ],
                "lint": [
                    "phpcs --standard=phpcs.xml.dist --report-summary --report-source"
                ],
                "test": [
                    "phpunit"
                ],
                "post-install-cmd": [
                    "vendor/bin/cghooks add --ignore-lock"
                ],
                "post-update-cmd": [
                    "vendor/bin/cghooks update"
                ]
            },
            "description": "Library to gather non sensitive analytics data to enhance bsf products.",
            "support": {
                "source": "https://github.com/brainstormforce/bsf-analytics/tree/1.1.20",
                "issues": "https://github.com/brainstormforce/bsf-analytics/issues"
            },
            "time": "2026-03-04T12:22:59+00:00"
        },
        {
            "name": "brainstormforce/gutenberg-templates",
            "version": "2.4.23",
            "source": {
                "type": "git",
                "url": "git@github.com:brainstormforce/gutenberg-templates.git",
                "reference": "620a21bf6552a2d5c981f5a80ad55b5c292a10d7"
            },
            "dist": {
                "type": "zip",
                "url": "https://api.github.com/repos/brainstormforce/gutenberg-templates/zipball/620a21bf6552a2d5c981f5a80ad55b5c292a10d7",
                "reference": "620a21bf6552a2d5c981f5a80ad55b5c292a10d7",
                "shasum": ""
            },
            "require": {
                "automattic/vipwpcs": "^2.3",
                "composer/installers": "^2"
            },
            "require-dev": {
                "automattic/vipwpcs": "^2.3",
                "brainstormforce/bsf-phpcs-rules": "^1.0",
                "dealerdirect/phpcodesniffer-composer-installer": "^0.7.1",
                "php-stubs/generator": "^0.8.2",
                "php-stubs/wordpress-stubs": "^6.1",
                "php-stubs/wp-cli-stubs": "^2.9",
                "phpcompatibility/phpcompatibility-wp": "*",
                "phpstan/phpstan": "^1.9",
                "squizlabs/php_codesniffer": "^3.5",
                "szepeviktor/phpstan-wordpress": "^1.1",
                "wp-coding-standards/wpcs": "^2.3"
            },
            "type": "wordpress-plugin",
            "scripts": {
                "format": [
                    "vendor/bin/phpcbf"
                ],
                "lint": [
                    "vendor/bin/phpcs"
                ],
                "lint:fix": [
                    "vendor/bin/phpcbf"
                ],
                "test": [
                    "vendor/bin/phpunit"
                ],
                "phpstan": [
                    "vendor/bin/phpstan --memory-limit=2048M analyse"
                ],
                "gen-stubs": [
                    "vendor/bin/generate-stubs artifact/phpstan/gutenberg-templates/ --out=tests/php/stubs/ast-block-templates-stubs.php && rm -rf artifact/phpstan"
                ],
                "update-stubs": [
                    "rm -f tests/php/stubs/ast-block-templates-stubs.php && bash bin/build-folder-phpstan.sh && composer gen-stubs"
                ]
            },
            "license": [
                "GPL-3.0-or-later"
            ],
            "authors": [
                {
                    "name": "Brainstorm Force",
                    "email": "hello@bsf.io"
                }
            ],
            "description": "Gutenberg single page templates, and blocks library to imported your website easily.",
            "support": {
                "source": "https://github.com/brainstormforce/gutenberg-templates/tree/2.4.23",
                "issues": "https://github.com/brainstormforce/gutenberg-templates/issues"
            },
            "time": "2026-03-24T06:42:38+00:00"
        },
        {
            "name": "brainstormforce/nps-survey",
            "version": "1.0.21",
            "source": {
                "type": "git",
                "url": "git@github.com:brainstormforce/nps-survey.git",
                "reference": "5a20f0a05e3ecd11a611e49ff27145932a924a52"
            },
            "dist": {
                "type": "zip",
                "url": "https://api.github.com/repos/brainstormforce/nps-survey/zipball/5a20f0a05e3ecd11a611e49ff27145932a924a52",
                "reference": "5a20f0a05e3ecd11a611e49ff27145932a924a52",
                "shasum": ""
            },
            "require-dev": {
                "automattic/vipwpcs": "^2.3",
                "dealerdirect/phpcodesniffer-composer-installer": "^0.7.1",
                "nunomaduro/phpinsights": "^2.10",
                "php-stubs/generator": "^0.8.2",
                "php-stubs/wordpress-stubs": "^6.1",
                "phpcompatibility/php-compatibility": "^9.3",
                "phpstan/phpstan": "^1.9",
                "squizlabs/php_codesniffer": "^3.5",
                "szepeviktor/phpstan-wordpress": "^1.1",
                "wp-coding-standards/wpcs": "^2.2"
            },
            "type": "wordpress-plugin",
            "scripts": {
                "format": [
                    "vendor/bin/phpcbf"
                ],
                "lint": [
                    "vendor/bin/phpcs"
                ],
                "test": [
                    "vendor/bin/phpunit"
                ],
                "phpstan": [
                    "vendor/bin/phpstan --memory-limit=2048M analyse"
                ],
                "insights": [
                    "./vendor/bin/phpinsights analyse -v --no-interaction"
                ],
                "insights:fix": [
                    "./vendor/bin/phpinsights analyse --fix --no-interaction"
                ],
                "gen-stubs": [
                    "vendor/bin/generate-stubs artifact/phpstan/nps-survey/ --out=tests/php/stubs/nps-survey-stubs.php && rm -rf artifact/phpstan"
                ],
                "update-stubs": [
                    "rm -f tests/php/stubs/nps-survey-stubs.php && bash bin/build-folder-phpstan.sh && composer gen-stubs"
                ]
            },
            "description": "NPS Survey Plugin",
            "support": {
                "source": "https://github.com/brainstormforce/nps-survey/tree/1.0.21",
                "issues": "https://github.com/brainstormforce/nps-survey/issues"
            },
            "time": "2026-03-24T05:29:05+00:00"
        },
        {
            "name": "brainstormforce/zip-ai",
            "version": "2.0.8",
            "source": {
                "type": "git",
                "url": "git@github.com:brainstormforce/zip-ai.git",
                "reference": "3a731bb65e075ad0ee80359ac291dfc55ebe59c9"
            },
            "dist": {
                "type": "zip",
                "url": "https://api.github.com/repos/brainstormforce/zip-ai/zipball/3a731bb65e075ad0ee80359ac291dfc55ebe59c9",
                "reference": "3a731bb65e075ad0ee80359ac291dfc55ebe59c9",
                "shasum": ""
            },
            "require": {
                "composer/installers": "^2"
            },
            "require-dev": {
                "automattic/vipwpcs": "^2.3",
                "dealerdirect/phpcodesniffer-composer-installer": "^0.7.1",
                "php-stubs/generator": "^0.8.2",
                "php-stubs/wordpress-stubs": "^6.1",
                "phpcompatibility/php-compatibility": "^9.3",
                "phpstan/phpstan": "^1.9",
                "squizlabs/php_codesniffer": "^3.5",
                "szepeviktor/phpstan-wordpress": "^1.1",
                "wp-coding-standards/wpcs": "^2.2"
            },
            "type": "wordpress-plugin",
            "scripts": {
                "format": [
                    "vendor/bin/phpcbf"
                ],
                "lint": [
                    "vendor/bin/phpcs"
                ],
                "test": [
                    "vendor/bin/phpunit"
                ],
                "phpstan": [
                    "vendor/bin/phpstan --memory-limit=2048M analyse"
                ],
                "gen-stubs": [
                    "vendor/bin/generate-stubs artifact/phpstan/zip-ai/ --out=tests/php/stubs/zip-ai-stubs.php && rm -rf artifact/phpstan"
                ],
                "update-stubs": [
                    "rm -f tests/php/stubs/zip-ai-stubs.php && bash bin/build-folder-phpstan.sh && composer gen-stubs"
                ]
            },
            "license": [
                "GPL-3.0-or-later"
            ],
            "authors": [
                {
                    "name": "Brainstorm Force",
                    "email": "hello@bsf.io"
                }
            ],
            "description": "Library which interacts with SCS and provide multiple useful modules",
            "support": {
                "source": "https://github.com/brainstormforce/zip-ai/tree/2.0.8",
                "issues": "https://github.com/brainstormforce/zip-ai/issues"
            },
            "time": "2026-03-24T06:25:13+00:00"
        },
        {
            "name": "brainstormforce/zipwp-images",
            "version": "1.0.25",
            "source": {
                "type": "git",
                "url": "git@github.com:brainstormforce/zipwp-images.git",
                "reference": "f158be6ef84451297143065938ad10797667a086"
            },
            "dist": {
                "type": "zip",
                "url": "https://api.github.com/repos/brainstormforce/zipwp-images/zipball/f158be6ef84451297143065938ad10797667a086",
                "reference": "f158be6ef84451297143065938ad10797667a086",
                "shasum": ""
            },
            "require": {
                "composer/installers": "^2"
            },
            "require-dev": {
                "automattic/vipwpcs": "^2.3",
                "brainstormforce/bsf-phpcs-rules": "^1.0",
                "dealerdirect/phpcodesniffer-composer-installer": "^0.7.1",
                "nunomaduro/phpinsights": "^2.12",
                "php-stubs/generator": "^0.8.2",
                "php-stubs/wordpress-stubs": "^6.1",
                "phpcompatibility/php-compatibility": "^9.3",
                "phpstan/phpstan": "^1.9",
                "squizlabs/php_codesniffer": "^3.5",
                "szepeviktor/phpstan-wordpress": "^1.1",
                "wp-coding-standards/wpcs": "^2.2"
            },
            "type": "wordpress-plugin",
            "scripts": {
                "format": [
                    "vendor/bin/phpcbf"
                ],
                "lint": [
                    "vendor/bin/phpcs"
                ],
                "test": [
                    "vendor/bin/phpunit"
                ],
                "phpstan": [
                    "vendor/bin/phpstan --memory-limit=2048M analyse"
                ],
                "insights": [
                    "./vendor/bin/phpinsights analyse -v --no-interaction"
                ],
                "insights:fix": [
                    "./vendor/bin/phpinsights analyse --fix --no-interaction"
                ],
                "gen-stubs": [
                    "vendor/bin/generate-stubs artifact/phpstan/zipwp-images/ --out=tests/php/stubs/zipwp-images-stubs.php && rm -rf artifact/phpstan"
                ],
                "update-stubs": [
                    "rm -f tests/php/stubs/zipwp-images-stubs.php && bash bin/build-folder-phpstan.sh && composer gen-stubs"
                ]
            },
            "license": [
                "GPL-3.0-or-later"
            ],
            "authors": [
                {
                    "name": "Brainstorm Force",
                    "email": "hello@bsf.io"
                }
            ],
            "description": "Free images library from ZipWP",
            "support": {
                "source": "https://github.com/brainstormforce/zipwp-images/tree/1.0.25",
                "issues": "https://github.com/brainstormforce/zipwp-images/issues"
            },
            "time": "2026-03-24T06:40:50+00:00"
        },
        {
            "name": "composer/installers",
            "version": "v2.3.0",
            "source": {
                "type": "git",
                "url": "https://github.com/composer/installers.git",
                "reference": "12fb2dfe5e16183de69e784a7b84046c43d97e8e"
            },
            "dist": {
                "type": "zip",
                "url": "https://api.github.com/repos/composer/installers/zipball/12fb2dfe5e16183de69e784a7b84046c43d97e8e",
                "reference": "12fb2dfe5e16183de69e784a7b84046c43d97e8e",
                "shasum": ""
            },
            "require": {
                "composer-plugin-api": "^1.0 || ^2.0",
                "php": "^7.2 || ^8.0"
            },
            "require-dev": {
                "composer/composer": "^1.10.27 || ^2.7",
                "composer/semver": "^1.7.2 || ^3.4.0",
                "phpstan/phpstan": "^1.11",
                "phpstan/phpstan-phpunit": "^1",
                "symfony/phpunit-bridge": "^7.1.1",
                "symfony/process": "^5 || ^6 || ^7"
            },
            "type": "composer-plugin",
            "extra": {
                "class": "Composer\\Installers\\Plugin",
                "branch-alias": {
                    "dev-main": "2.x-dev"
                },
                "plugin-modifies-install-path": true
            },
            "autoload": {
                "psr-4": {
                    "Composer\\Installers\\": "src/Composer/Installers"
                }
            },
            "notification-url": "https://packagist.org/downloads/",
            "license": [
                "MIT"
            ],
            "authors": [
                {
                    "name": "Kyle Robinson Young",
                    "email": "kyle@dontkry.com",
                    "homepage": "https://github.com/shama"
                }
            ],
            "description": "A multi-framework Composer library installer",
            "homepage": "https://composer.github.io/installers/",
            "keywords": [
                "Dolibarr",
                "Eliasis",
                "Hurad",
                "ImageCMS",
                "Kanboard",
                "Lan Management System",
                "MODX Evo",
                "MantisBT",
                "Mautic",
                "Maya",
                "OXID",
                "Plentymarkets",
                "Porto",
                "RadPHP",
                "SMF",
                "Starbug",
                "Thelia",
                "Whmcs",
                "WolfCMS",
                "agl",
                "annotatecms",
                "attogram",
                "bitrix",
                "cakephp",
                "chef",
                "cockpit",
                "codeigniter",
                "concrete5",
                "concreteCMS",
                "croogo",
                "dokuwiki",
                "drupal",
                "eZ Platform",
                "elgg",
                "expressionengine",
                "fuelphp",
                "grav",
                "installer",
                "itop",
                "known",
                "kohana",
                "laravel",
                "lavalite",
                "lithium",
                "magento",
                "majima",
                "mako",
                "matomo",
                "mediawiki",
                "miaoxing",
                "modulework",
                "modx",
                "moodle",
                "osclass",
                "pantheon",
                "phpbb",
                "piwik",
                "ppi",
                "processwire",
                "puppet",
                "pxcms",
                "reindex",
                "roundcube",
                "shopware",
                "silverstripe",
                "sydes",
                "sylius",
                "tastyigniter",
                "wordpress",
                "yawik",
                "zend",
                "zikula"
            ],
            "support": {
                "issues": "https://github.com/composer/installers/issues",
                "source": "https://github.com/composer/installers/tree/v2.3.0"
            },
            "funding": [
                {
                    "url": "https://packagist.com",
                    "type": "custom"
                },
                {
                    "url": "https://github.com/composer",
                    "type": "github"
                },
                {
                    "url": "https://tidelift.com/funding/github/packagist/composer/composer",
                    "type": "tidelift"
                }
            ],
            "time": "2024-06-24T20:46:46+00:00"
        },
        {
            "name": "enshrined/svg-sanitize",
            "version": "0.22.0",
            "source": {
                "type": "git",
                "url": "https://github.com/darylldoyle/svg-sanitizer.git",
                "reference": "0afa95ea74be155a7bcd6c6fb60c276c39984500"
            },
            "dist": {
                "type": "zip",
                "url": "https://api.github.com/repos/darylldoyle/svg-sanitizer/zipball/0afa95ea74be155a7bcd6c6fb60c276c39984500",
                "reference": "0afa95ea74be155a7bcd6c6fb60c276c39984500",
                "shasum": ""
            },
            "require": {
                "ext-dom": "*",
                "ext-libxml": "*",
                "php": "^7.1 || ^8.0"
            },
            "require-dev": {
                "phpunit/phpunit": "^6.5 || ^8.5"
            },
            "type": "library",
            "autoload": {
                "psr-4": {
                    "enshrined\\svgSanitize\\": "src"
                }
            },
            "notification-url": "https://packagist.org/downloads/",
            "license": [
                "GPL-2.0-or-later"
            ],
            "authors": [
                {
                    "name": "Daryll Doyle",
                    "email": "daryll@enshrined.co.uk"
                }
            ],
            "description": "An SVG sanitizer for PHP",
            "support": {
                "issues": "https://github.com/darylldoyle/svg-sanitizer/issues",
                "source": "https://github.com/darylldoyle/svg-sanitizer/tree/0.22.0"
            },
            "time": "2025-08-12T10:13:48+00:00"
        }
    ],
    "packages-dev": [
        {
            "name": "dealerdirect/phpcodesniffer-composer-installer",
            "version": "v1.2.0",
            "source": {
                "type": "git",
                "url": "https://github.com/PHPCSStandards/composer-installer.git",
                "reference": "845eb62303d2ca9b289ef216356568ccc075ffd1"
            },
            "dist": {
                "type": "zip",
                "url": "https://api.github.com/repos/PHPCSStandards/composer-installer/zipball/845eb62303d2ca9b289ef216356568ccc075ffd1",
                "reference": "845eb62303d2ca9b289ef216356568ccc075ffd1",
                "shasum": ""
            },
            "require": {
                "composer-plugin-api": "^2.2",
                "php": ">=5.4",
                "squizlabs/php_codesniffer": "^3.1.0 || ^4.0"
            },
            "require-dev": {
                "composer/composer": "^2.2",
                "ext-json": "*",
                "ext-zip": "*",
                "php-parallel-lint/php-parallel-lint": "^1.4.0",
                "phpcompatibility/php-compatibility": "^9.0 || ^10.0.0@dev",
                "yoast/phpunit-polyfills": "^1.0"
            },
            "type": "composer-plugin",
            "extra": {
                "class": "PHPCSStandards\\Composer\\Plugin\\Installers\\PHPCodeSniffer\\Plugin"
            },
            "autoload": {
                "psr-4": {
                    "PHPCSStandards\\Composer\\Plugin\\Installers\\PHPCodeSniffer\\": "src/"
                }
            },
            "notification-url": "https://packagist.org/downloads/",
            "license": [
                "MIT"
            ],
            "authors": [
                {
                    "name": "Franck Nijhof",
                    "email": "opensource@frenck.dev",
                    "homepage": "https://frenck.dev",
                    "role": "Open source developer"
                },
                {
                    "name": "Contributors",
                    "homepage": "https://github.com/PHPCSStandards/composer-installer/graphs/contributors"
                }
            ],
            "description": "PHP_CodeSniffer Standards Composer Installer Plugin",
            "keywords": [
                "PHPCodeSniffer",
                "PHP_CodeSniffer",
                "code quality",
                "codesniffer",
                "composer",
                "installer",
                "phpcbf",
                "phpcs",
                "plugin",
                "qa",
                "quality",
                "standard",
                "standards",
                "style guide",
                "stylecheck",
                "tests"
            ],
            "support": {
                "issues": "https://github.com/PHPCSStandards/composer-installer/issues",
                "security": "https://github.com/PHPCSStandards/composer-installer/security/policy",
                "source": "https://github.com/PHPCSStandards/composer-installer"
            },
            "funding": [
                {
                    "url": "https://github.com/PHPCSStandards",
                    "type": "github"
                },
                {
                    "url": "https://github.com/jrfnl",
                    "type": "github"
                },
                {
                    "url": "https://opencollective.com/php_codesniffer",
                    "type": "open_collective"
                },
                {
                    "url": "https://thanks.dev/u/gh/phpcsstandards",
                    "type": "thanks_dev"
                }
            ],
            "time": "2025-11-11T04:32:07+00:00"
        },
        {
            "name": "phpcsstandards/phpcsextra",
            "version": "1.5.0",
            "source": {
                "type": "git",
                "url": "https://github.com/PHPCSStandards/PHPCSExtra.git",
                "reference": "b598aa890815b8df16363271b659d73280129101"
            },
            "dist": {
                "type": "zip",
                "url": "https://api.github.com/repos/PHPCSStandards/PHPCSExtra/zipball/b598aa890815b8df16363271b659d73280129101",
                "reference": "b598aa890815b8df16363271b659d73280129101",
                "shasum": ""
            },
            "require": {
                "php": ">=5.4",
                "phpcsstandards/phpcsutils": "^1.2.0",
                "squizlabs/php_codesniffer": "^3.13.5 || ^4.0.1"
            },
            "require-dev": {
                "php-parallel-lint/php-console-highlighter": "^1.0",
                "php-parallel-lint/php-parallel-lint": "^1.4.0",
                "phpcsstandards/phpcsdevcs": "^1.2.0",
                "phpcsstandards/phpcsdevtools": "^1.2.1",
                "phpunit/phpunit": "^4.5 || ^5.0 || ^6.0 || ^7.0 || ^8.0 || ^9.3.4"
            },
            "type": "phpcodesniffer-standard",
            "extra": {
                "branch-alias": {
                    "dev-stable": "1.x-dev",
                    "dev-develop": "1.x-dev"
                }
            },
            "notification-url": "https://packagist.org/downloads/",
            "license": [
                "LGPL-3.0-or-later"
            ],
            "authors": [
                {
                    "name": "Juliette Reinders Folmer",
                    "homepage": "https://github.com/jrfnl",
                    "role": "lead"
                },
                {
                    "name": "Contributors",
                    "homepage": "https://github.com/PHPCSStandards/PHPCSExtra/graphs/contributors"
                }
            ],
            "description": "A collection of sniffs and standards for use with PHP_CodeSniffer.",
            "keywords": [
                "PHP_CodeSniffer",
                "phpcbf",
                "phpcodesniffer-standard",
                "phpcs",
                "standards",
                "static analysis"
            ],
            "support": {
                "issues": "https://github.com/PHPCSStandards/PHPCSExtra/issues",
                "security": "https://github.com/PHPCSStandards/PHPCSExtra/security/policy",
                "source": "https://github.com/PHPCSStandards/PHPCSExtra"
            },
            "funding": [
                {
                    "url": "https://github.com/PHPCSStandards",
                    "type": "github"
                },
                {
                    "url": "https://github.com/jrfnl",
                    "type": "github"
                },
                {
                    "url": "https://opencollective.com/php_codesniffer",
                    "type": "open_collective"
                },
                {
                    "url": "https://thanks.dev/u/gh/phpcsstandards",
                    "type": "thanks_dev"
                }
            ],
            "time": "2025-11-12T23:06:57+00:00"
        },
        {
            "name": "phpcsstandards/phpcsutils",
            "version": "1.2.2",
            "source": {
                "type": "git",
                "url": "https://github.com/PHPCSStandards/PHPCSUtils.git",
                "reference": "c216317e96c8b3f5932808f9b0f1f7a14e3bbf55"
            },
            "dist": {
                "type": "zip",
                "url": "https://api.github.com/repos/PHPCSStandards/PHPCSUtils/zipball/c216317e96c8b3f5932808f9b0f1f7a14e3bbf55",
                "reference": "c216317e96c8b3f5932808f9b0f1f7a14e3bbf55",
                "shasum": ""
            },
            "require": {
                "dealerdirect/phpcodesniffer-composer-installer": "^0.4.1 || ^0.5 || ^0.6.2 || ^0.7 || ^1.0",
                "php": ">=5.4",
                "squizlabs/php_codesniffer": "^3.13.5 || ^4.0.1"
            },
            "require-dev": {
                "ext-filter": "*",
                "php-parallel-lint/php-console-highlighter": "^1.0",
                "php-parallel-lint/php-parallel-lint": "^1.4.0",
                "phpcsstandards/phpcsdevcs": "^1.2.0",
                "yoast/phpunit-polyfills": "^1.1.0 || ^2.0.0 || ^3.0.0"
            },
            "type": "phpcodesniffer-standard",
            "extra": {
                "branch-alias": {
                    "dev-stable": "1.x-dev",
                    "dev-develop": "1.x-dev"
                }
            },
            "autoload": {
                "classmap": [
                    "PHPCSUtils/"
                ]
            },
            "notification-url": "https://packagist.org/downloads/",
            "license": [
                "LGPL-3.0-or-later"
            ],
            "authors": [
                {
                    "name": "Juliette Reinders Folmer",
                    "homepage": "https://github.com/jrfnl",
                    "role": "lead"
                },
                {
                    "name": "Contributors",
                    "homepage": "https://github.com/PHPCSStandards/PHPCSUtils/graphs/contributors"
                }
            ],
            "description": "A suite of utility functions for use with PHP_CodeSniffer",
            "homepage": "https://phpcsutils.com/",
            "keywords": [
                "PHP_CodeSniffer",
                "phpcbf",
                "phpcodesniffer-standard",
                "phpcs",
                "phpcs3",
                "phpcs4",
                "standards",
                "static analysis",
                "tokens",
                "utility"
            ],
            "support": {
                "docs": "https://phpcsutils.com/",
                "issues": "https://github.com/PHPCSStandards/PHPCSUtils/issues",
                "security": "https://github.com/PHPCSStandards/PHPCSUtils/security/policy",
                "source": "https://github.com/PHPCSStandards/PHPCSUtils"
            },
            "funding": [
                {
                    "url": "https://github.com/PHPCSStandards",
                    "type": "github"
                },
                {
                    "url": "https://github.com/jrfnl",
                    "type": "github"
                },
                {
                    "url": "https://opencollective.com/php_codesniffer",
                    "type": "open_collective"
                },
                {
                    "url": "https://thanks.dev/u/gh/phpcsstandards",
                    "type": "thanks_dev"
                }
            ],
            "time": "2025-12-08T14:27:58+00:00"
        },
        {
            "name": "squizlabs/php_codesniffer",
            "version": "3.13.5",
            "source": {
                "type": "git",
                "url": "https://github.com/PHPCSStandards/PHP_CodeSniffer.git",
                "reference": "0ca86845ce43291e8f5692c7356fccf3bcf02bf4"
            },
            "dist": {
                "type": "zip",
                "url": "https://api.github.com/repos/PHPCSStandards/PHP_CodeSniffer/zipball/0ca86845ce43291e8f5692c7356fccf3bcf02bf4",
                "reference": "0ca86845ce43291e8f5692c7356fccf3bcf02bf4",
                "shasum": ""
            },
            "require": {
                "ext-simplexml": "*",
                "ext-tokenizer": "*",
                "ext-xmlwriter": "*",
                "php": ">=5.4.0"
            },
            "require-dev": {
                "phpunit/phpunit": "^4.0 || ^5.0 || ^6.0 || ^7.0 || ^8.0 || ^9.3.4"
            },
            "bin": [
                "bin/phpcbf",
                "bin/phpcs"
            ],
            "type": "library",
            "notification-url": "https://packagist.org/downloads/",
            "license": [
                "BSD-3-Clause"
            ],
            "authors": [
                {
                    "name": "Greg Sherwood",
                    "role": "Former lead"
                },
                {
                    "name": "Juliette Reinders Folmer",
                    "role": "Current lead"
                },
                {
                    "name": "Contributors",
                    "homepage": "https://github.com/PHPCSStandards/PHP_CodeSniffer/graphs/contributors"
                }
            ],
            "description": "PHP_CodeSniffer tokenizes PHP, JavaScript and CSS files and detects violations of a defined set of coding standards.",
            "homepage": "https://github.com/PHPCSStandards/PHP_CodeSniffer",
            "keywords": [
                "phpcs",
                "standards",
                "static analysis"
            ],
            "support": {
                "issues": "https://github.com/PHPCSStandards/PHP_CodeSniffer/issues",
                "security": "https://github.com/PHPCSStandards/PHP_CodeSniffer/security/policy",
                "source": "https://github.com/PHPCSStandards/PHP_CodeSniffer",
                "wiki": "https://github.com/PHPCSStandards/PHP_CodeSniffer/wiki"
            },
            "funding": [
                {
                    "url": "https://github.com/PHPCSStandards",
                    "type": "github"
                },
                {
                    "url": "https://github.com/jrfnl",
                    "type": "github"
                },
                {
                    "url": "https://opencollective.com/php_codesniffer",
                    "type": "open_collective"
                },
                {
                    "url": "https://thanks.dev/u/gh/phpcsstandards",
                    "type": "thanks_dev"
                }
            ],
            "time": "2025-11-04T16:30:35+00:00"
        },
        {
            "name": "wp-coding-standards/wpcs",
            "version": "3.3.0",
            "source": {
                "type": "git",
                "url": "https://github.com/WordPress/WordPress-Coding-Standards.git",
                "reference": "7795ec6fa05663d716a549d0b44e47ffc8b0d4a6"
            },
            "dist": {
                "type": "zip",
                "url": "https://api.github.com/repos/WordPress/WordPress-Coding-Standards/zipball/7795ec6fa05663d716a549d0b44e47ffc8b0d4a6",
                "reference": "7795ec6fa05663d716a549d0b44e47ffc8b0d4a6",
                "shasum": ""
            },
            "require": {
                "ext-filter": "*",
                "ext-libxml": "*",
                "ext-tokenizer": "*",
                "ext-xmlreader": "*",
                "php": ">=7.2",
                "phpcsstandards/phpcsextra": "^1.5.0",
                "phpcsstandards/phpcsutils": "^1.1.0",
                "squizlabs/php_codesniffer": "^3.13.4"
            },
            "require-dev": {
                "php-parallel-lint/php-console-highlighter": "^1.0.0",
                "php-parallel-lint/php-parallel-lint": "^1.4.0",
                "phpcompatibility/php-compatibility": "^10.0.0@dev",
                "phpcsstandards/phpcsdevtools": "^1.2.0",
                "phpunit/phpunit": "^8.0 || ^9.0"
            },
            "suggest": {
                "ext-iconv": "For improved results",
                "ext-mbstring": "For improved results"
            },
            "type": "phpcodesniffer-standard",
            "notification-url": "https://packagist.org/downloads/",
            "license": [
                "MIT"
            ],
            "authors": [
                {
                    "name": "Contributors",
                    "homepage": "https://github.com/WordPress/WordPress-Coding-Standards/graphs/contributors"
                }
            ],
            "description": "PHP_CodeSniffer rules (sniffs) to enforce WordPress coding conventions",
            "keywords": [
                "phpcs",
                "standards",
                "static analysis",
                "wordpress"
            ],
            "support": {
                "issues": "https://github.com/WordPress/WordPress-Coding-Standards/issues",
                "source": "https://github.com/WordPress/WordPress-Coding-Standards",
                "wiki": "https://github.com/WordPress/WordPress-Coding-Standards/wiki"
            },
            "funding": [
                {
                    "url": "https://opencollective.com/php_codesniffer",
                    "type": "custom"
                }
            ],
            "time": "2025-11-25T12:08:04+00:00"
        }
    ],
    "aliases": [],
    "minimum-stability": "stable",
    "stability-flags": {},
    "prefer-stable": true,
    "prefer-lowest": false,
    "platform": {
        "php": ">=8.1"
    },
    "platform-dev": {},
    "plugin-api-version": "2.9.0"
}
